
Microsoft Visual Studio Solution File, Format Version 12.00
# Visual Studio Version 16
VisualStudioVersion = 16.0.32002.261
MinimumVisualStudioVersion = 10.0.40219.1
Project("{FAE04EC0-301F-11D3-BF4B-00C04F79EFBC}") = "MathLibrary", "MathLibrary.csproj", "{47E60FB9-D79B-41D9-8820-E5ED6393D346}"
EndProject
Project("{FAE04EC0-301F-11D3-BF4B-00C04F79EFBC}") = "SUTTests", "..\SUTTests\SUTTests.csproj", "{691F7E5F-7C58-4339-B165-61733141859B}"
EndProject
Global
	GlobalSection(SolutionConfigurationPlatforms) = preSolution
		Debug|Any CPU = Debug|Any CPU
		Release|Any CPU = Release|Any CPU
	EndGlobalSection
	GlobalSection(ProjectConfigurationPlatforms) = postSolution
		{47E60FB9-D79B-41D9-8820-E5ED6393D346}.Debug|Any CPU.ActiveCfg = Debug|Any CPU
		{47E60FB9-D79B-41D9-8820-E5ED6393D346}.Debug|Any CPU.Build.0 = Debug|Any CPU
		{47E60FB9-D79B-41D9-8820-E5ED6393D346}.Release|Any CPU.ActiveCfg = Release|Any CPU
		{47E60FB9-D79B-41D9-8820-E5ED6393D346}.Release|Any CPU.Build.0 = Release|Any CPU
		{691F7E5F-7C58-4339-B165-61733141859B}.Debug|Any CPU.ActiveCfg = Debug|Any CPU
		{691F7E5F-7C58-4339-B165-61733141859B}.Debug|Any CPU.Build.0 = Debug|Any CPU
		{691F7E5F-7C58-4339-B165-61733141859B}.Release|Any CPU.ActiveCfg = Release|Any CPU
		{691F7E5F-7C58-4339-B165-61733141859B}.Release|Any CPU.Build.0 = Release|Any CPU
	EndGlobalSection
	GlobalSection(SolutionProperties) = preSolution
		HideSolutionNode = FALSE
	EndGlobalSection
	GlobalSection(ExtensibilityGlobals) = postSolution
		SolutionGuid = {5DE3C3F7-011C-438E-9626-79C521934E44}
	EndGlobalSection
EndGlobal
